version = 1
revision = 2
requires-python = ">=3.10, <4.0"

[[package]]
name = "app"
version = "0.1.0"
source = { editable = "." }
dependencies = [
    { name = "cachetools" },
    { name = "tenacity" },
    { name = "tqdm" },
]

[package.metadata]
requires-dist = [
    { name = "cachetools", specifier = ">=6.2.4,<7.0.0" },
    { name = "tenacity", specifier = ">=9.1.2,<10.0.0" },
    { name = "tqdm", specifier = ">=4.67.1,<5.0.0" },
]

[[package]]
name = "cachetools"
version = "6.2.6"
source = { registry = "https://pypi.org/simple" }
sdist = { url = "https://files.pythonhosted.org/packages/39/91/d9ae9a66b01102a18cd16db0cf4cd54187ffe10f0865cc80071a4104fbb3/cachetools-6.2.6.tar.gz", hash = "sha256:16c33e1f276b9a9c0b49ab5782d901e3ad3de0dd6da9bf9bcd29ac5672f2f9e6", size = 32363, upload-time = "2026-01-27T20:32:59.956Z" }
wheels = [
    { url = "https://files.pythonhosted.org/packages/90/45/f458fa2c388e79dd9d8b9b0c99f1d31b568f27388f2fdba7bb66bbc0c6ed/cachetools-6.2.6-py3-none-any.whl", hash = "sha256:8c9717235b3c651603fff0076db52d6acbfd1b338b8ed50256092f7ce9c85bda", size = 11668, upload-time = "2026-01-27T20:32:58.527Z" },
]

[[package]]
name = "colorama"
version = "0.4.6"
source = { registry = "https://pypi.org/simple" }
sdist = { url = "https://files.pythonhosted.org/packages/d8/53/6f443c9a4a8358a93a6792e2acffb9d9d5cb0a5cfd8802644b7b1c9a02e4/colorama-0.4.6.tar.gz", hash = "sha256:08695f5cb7ed6e0531a20572697297273c47b8cae5a63ffc6d6ed5c201be6e44", size = 27697, upload-time = "2022-10-25T02:36:22.414Z" }
wheels = [
    { url = "https://files.pythonhosted.org/packages/d1/d6/3965ed04c63042e047cb6a3e6ed1a63a35087b6a609aa3a15ed8ac56c221/colorama-0.4.6-py2.py3-none-any.whl", hash = "sha256:4f1d9991f5acc0ca119f9d443620b77f9d6b33703e51011c16baf57afb285fc6", size = 25335, upload-time = "2022-10-25T02:36:20.889Z" },
]

[[package]]
name = "tenacity"
version = "9.1.4"
source = { registry = "https://pypi.org/simple" }
sdist = { url = "https://files.pythonhosted.org/packages/47/c6/ee486fd809e357697ee8a44d3d69222b344920433d3b6666ccd9b374630c/tenacity-9.1.4.tar.gz", hash = "sha256:adb31d4c263f2bd041081ab33b498309a57c77f9acf2db65aadf0898179cf93a", size = 49413, upload-time = "2026-02-07T10:45:33.841Z" }
wheels = [
    { url = "https://files.pythonhosted.org/packages/d7/c1/eb8f9debc45d3b7918a32ab756658a0904732f75e555402972246b0b8e71/tenacity-9.1.4-py3-none-any.whl", hash = "sha256:6095a360c919085f28c6527de529e76a06ad89b23659fa881ae0649b867a9d55", size = 28926, upload-time = "2026-02-07T10:45:32.24Z" },
]

[[package]]
name = "tqdm"
version = "4.68.3"
source = { registry = "https://pypi.org/simple" }
dependencies = [
    { name = "colorama", marker = "sys_platform == 'win32'" },
]
sdist = { url = "https://files.pythonhosted.org/packages/87/d7/0535a28b1f5f24f6612fb3ff1e89fb1a8d160fee0f976e0aa6803862134b/tqdm-4.68.3.tar.gz", hash = "sha256:00dfa48452b6b6cfae3dd9885636c23d3422d1ec97c66d96818cbd5e0821d482", size = 170596, upload-time = "2026-06-17T07:36:52.105Z" }
wheels = [
    { url = "https://files.pythonhosted.org/packages/d8/8e/bb97bb0c71802080bfc8952937d174e49cfc50de5c951dd47b2496f0dcdb/tqdm-4.68.3-py3-none-any.whl", hash = "sha256:39832cc2def2789a6f29df83f172db7416cea70052c0907a57801c5f2fdccb03", size = 78337, upload-time = "2026-06-17T07:36:50.132Z" },
]
